
Microsoft Visual Studio Solution File, Format Version 12.00
# Visual Studio Version 16
VisualStudioVersion = 16.0.30611.23
MinimumVisualStudioVersion = 10.0.40219.1
Project("{FAE04EC0-301F-11D3-BF4B-00C04F79EFBC}") = "SampleSPCWebApplication", "SampleSPCWebApplication.csproj", "{095E5555-2168-4706-91D9-3A0FACC8BB6F}"
EndProject
Global
	GlobalSection(SolutionConfigurationPlatforms) = preSolution
		Debug|Any CPU = Debug|Any CPU
		Release|Any CPU = Release|Any CPU
	EndGlobalSection
	GlobalSection(ProjectConfigurationPlatforms) = postSolution
		{095E5555-2168-4706-91D9-3A0FACC8BB6F}.Debug|Any CPU.ActiveCfg = Debug|Any CPU
		{095E5555-2168-4706-91D9-3A0FACC8BB6F}.Debug|Any CPU.Build.0 = Debug|Any CPU
		{095E5555-2168-4706-91D9-3A0FACC8BB6F}.Release|Any CPU.ActiveCfg = Release|Any CPU
		{095E5555-2168-4706-91D9-3A0FACC8BB6F}.Release|Any CPU.Build.0 = Release|Any CPU
	EndGlobalSection
	GlobalSection(SolutionProperties) = preSolution
		HideSolutionNode = FALSE
	EndGlobalSection
	GlobalSection(ExtensibilityGlobals) = postSolution
		SolutionGuid = {56A8E39D-43BC-4F20-8E86-69267C5BE03F}
	EndGlobalSection
EndGlobal
